
Microsoft Visual Studio Solution File, Format Version 12.00
# Visual Studio Version 16
VisualStudioVersion = 16.0.31205.134
MinimumVisualStudioVersion = 10.0.40219.1
Project("{FAE04EC0-301F-11D3-BF4B-00C04F79EFBC}") = "Server", "Server\Server.csproj", "{556BB041-7654-433B-9414-E24D1C569D0A}"
	ProjectSection(ProjectDependencies) = postProject
		{EB6E5073-ED9E-489B-B533-416F12F20237} = {EB6E5073-ED9E-489B-B533-416F12F20237}
	EndProjectSection
EndProject
Project("{FAE04EC0-301F-11D3-BF4B-00C04F79EFBC}") = "NetFrame", "NetFrame\NetFrame.csproj", "{EB6E5073-ED9E-489B-B533-416F12F20237}"
EndProject
Project("{FAE04EC0-301F-11D3-BF4B-00C04F79EFBC}") = "GameProtocol", "GameProtocol\GameProtocol.csproj", "{8E9291F6-D388-4FFA-B6E7-9F46BD86E6D1}"
EndProject
Global
	GlobalSection(SolutionConfigurationPlatforms) = preSolution
		Debug|Any CPU = Debug|Any CPU
		Release|Any CPU = Release|Any CPU
	EndGlobalSection
	GlobalSection(ProjectConfigurationPlatforms) = postSolution
		{556BB041-7654-433B-9414-E24D1C569D0A}.Debug|Any CPU.ActiveCfg = Debug|Any CPU
		{556BB041-7654-433B-9414-E24D1C569D0A}.Debug|Any CPU.Build.0 = Debug|Any CPU
		{556BB041-7654-433B-9414-E24D1C569D0A}.Release|Any CPU.ActiveCfg = Release|Any CPU
		{556BB041-7654-433B-9414-E24D1C569D0A}.Release|Any CPU.Build.0 = Release|Any CPU
		{EB6E5073-ED9E-489B-B533-416F12F20237}.Debug|Any CPU.ActiveCfg = Debug|Any CPU
		{EB6E5073-ED9E-489B-B533-416F12F20237}.Debug|Any CPU.Build.0 = Debug|Any CPU
		{EB6E5073-ED9E-489B-B533-416F12F20237}.Release|Any CPU.ActiveCfg = Release|Any CPU
		{EB6E5073-ED9E-489B-B533-416F12F20237}.Release|Any CPU.Build.0 = Release|Any CPU
		{8E9291F6-D388-4FFA-B6E7-9F46BD86E6D1}.Debug|Any CPU.ActiveCfg = Debug|Any CPU
		{8E9291F6-D388-4FFA-B6E7-9F46BD86E6D1}.Debug|Any CPU.Build.0 = Debug|Any CPU
		{8E9291F6-D388-4FFA-B6E7-9F46BD86E6D1}.Release|Any CPU.ActiveCfg = Release|Any CPU
		{8E9291F6-D388-4FFA-B6E7-9F46BD86E6D1}.Release|Any CPU.Build.0 = Release|Any CPU
	EndGlobalSection
	GlobalSection(SolutionProperties) = preSolution
		HideSolutionNode = FALSE
	EndGlobalSection
	GlobalSection(ExtensibilityGlobals) = postSolution
		SolutionGuid = {82E2B35B-E64A-47AF-B4AB-3B80712CD79E}
	EndGlobalSection
EndGlobal
